{
    "_readme": [
        "This file locks the dependencies of your project to a known state",
        "Read more about it at https://getcomposer.org/doc/01-basic-usage.md#installing-dependencies",
        "This file is @generated automatically"
    ],
    "content-hash": "e8a9430791ea16cc404b3ee079d96ff7",
    "packages": [
        {
            "name": "acrosswp/acrosswp-buddypress-or-buddyboss-dependency",
            "version": "dev-main",
            "source": {
                "type": "git",
                "url": "https://github.com/acrosswp/acrosswp-buddypress-or-buddyboss-dependency.git",
                "reference": "f8a59b7163f3475f9b35563f642aa5616519b1e8"
            },
            "dist": {
                "type": "zip",
                "url": "https://api.github.com/repos/acrosswp/acrosswp-buddypress-or-buddyboss-dependency/zipball/f8a59b7163f3475f9b35563f642aa5616519b1e8",
                "reference": "f8a59b7163f3475f9b35563f642aa5616519b1e8",
                "shasum": ""
            },
            "require": {
                "acrosswp/acrosswp-dependency": "dev-main"
            },
            "default-branch": true,
            "type": "library",
            "autoload": {
                "files": [
                    "dependency.php"
                ]
            },
            "notification-url": "https://packagist.org/downloads/",
            "license": [
                "GPL-2.0-or-later"
            ],
            "authors": [
                {
                    "name": "acrosswp",
                    "email": "contant@acrosswp.com"
                }
            ],
            "description": "Composer to autoload the AcrossWP Dependency Class",
            "homepage": "https://acrosswp.com/",
            "keywords": [
                "plugin",
                "wordpress"
            ],
            "support": {
                "issues": "https://github.com/acrosswp/acrosswp-buddypress-or-buddyboss-dependency/issues",
                "source": "https://github.com/acrosswp/acrosswp-buddypress-or-buddyboss-dependency/tree/main"
            },
            "time": "2023-11-12T21:14:12+00:00"
        },
        {
            "name": "acrosswp/acrosswp-dependency",
            "version": "dev-main",
            "source": {
                "type": "git",
                "url": "https://github.com/acrosswp/acrosswp-dependency.git",
                "reference": "11c2cd9cfa097508d06b3b4718811107917ff2be"
            },
            "dist": {
                "type": "zip",
                "url": "https://api.github.com/repos/acrosswp/acrosswp-dependency/zipball/11c2cd9cfa097508d06b3b4718811107917ff2be",
                "reference": "11c2cd9cfa097508d06b3b4718811107917ff2be",
                "shasum": ""
            },
            "default-branch": true,
            "type": "library",
            "autoload": {
                "files": [
                    "acrosswp-dependency.php"
                ]
            },
            "notification-url": "https://packagist.org/downloads/",
            "license": [
                "GPL-2.0-or-later"
            ],
            "authors": [
                {
                    "name": "acrosswp",
                    "email": "contant@acrosswp.com"
                }
            ],
            "description": "Composer to autoload the AcrossWP Dependency Class",
            "homepage": "https://acrosswp.com/",
            "keywords": [
                "plugin",
                "wordpress"
            ],
            "support": {
                "issues": "https://github.com/acrosswp/acrosswp-dependency/issues",
                "source": "https://github.com/acrosswp/acrosswp-dependency/tree/main"
            },
            "time": "2023-11-12T21:14:31+00:00"
        },
        {
            "name": "acrosswp/acrosswp-plugin-update-checker-github",
            "version": "dev-main",
            "source": {
                "type": "git",
                "url": "https://github.com/acrosswp/acrosswp-plugin-update-checker-github.git",
                "reference": "43933bdd6a4e46ce41d3b9427db4586f2d4ab39f"
            },
            "dist": {
                "type": "zip",
                "url": "https://api.github.com/repos/acrosswp/acrosswp-plugin-update-checker-github/zipball/43933bdd6a4e46ce41d3b9427db4586f2d4ab39f",
                "reference": "43933bdd6a4e46ce41d3b9427db4586f2d4ab39f",
                "shasum": ""
            },
            "require": {
                "yahnis-elsts/plugin-update-checker": "dev-master"
            },
            "default-branch": true,
            "type": "library",
            "autoload": {
                "files": [
                    "updater.php"
                ]
            },
            "notification-url": "https://packagist.org/downloads/",
            "license": [
                "GPL-2.0-or-later"
            ],
            "authors": [
                {
                    "name": "acrosswp",
                    "email": "contant@acrosswp.com"
                }
            ],
            "description": "Composer to autoload the AcrossWP Admin Dashboard licence Menu",
            "homepage": "https://acrosswp.com/",
            "keywords": [
                "plugin",
                "wordpress"
            ],
            "support": {
                "issues": "https://github.com/acrosswp/acrosswp-plugin-update-checker-github/issues",
                "source": "https://github.com/acrosswp/acrosswp-plugin-update-checker-github/tree/main"
            },
            "time": "2023-11-30T07:35:22+00:00"
        },
        {
            "name": "wpify/custom-fields",
            "version": "dev-master",
            "source": {
                "type": "git",
                "url": "git@gitlab.com:wpify/custom-fields.git",
                "reference": "cd55e4f45aead746e6cfab63000ed1b5d4328409"
            },
            "dist": {
                "type": "zip",
                "url": "https://gitlab.com/api/v4/projects/wpify%2Fcustom-fields/repository/archive.zip?sha=cd55e4f45aead746e6cfab63000ed1b5d4328409",
                "reference": "cd55e4f45aead746e6cfab63000ed1b5d4328409",
                "shasum": ""
            },
            "require": {
                "ext-json": "*",
                "php": ">=7.4||<=8.1"
            },
            "require-dev": {
                "symfony/var-dumper": "^v5.4"
            },
            "default-branch": true,
            "type": "library",
            "autoload": {
                "files": [
                    "functions.php"
                ],
                "psr-4": {
                    "Wpify\\CustomFields\\": "src/"
                }
            },
            "notification-url": "https://packagist.org/downloads/",
            "license": [
                "GPL-2.0-or-later"
            ],
            "description": "WPify Custom Fields",
            "time": "2023-11-29T14:20:47+00:00"
        },
        {
            "name": "yahnis-elsts/plugin-update-checker",
            "version": "dev-master",
            "source": {
                "type": "git",
                "url": "https://github.com/YahnisElsts/plugin-update-checker.git",
                "reference": "5f251be064949ddce8a040a2bb9e4e1747000d95"
            },
            "dist": {
                "type": "zip",
                "url": "https://api.github.com/repos/YahnisElsts/plugin-update-checker/zipball/5f251be064949ddce8a040a2bb9e4e1747000d95",
                "reference": "5f251be064949ddce8a040a2bb9e4e1747000d95",
                "shasum": ""
            },
            "require": {
                "ext-json": "*",
                "php": ">=5.6.20"
            },
            "default-branch": true,
            "type": "library",
            "autoload": {
                "files": [
                    "load-v5p3.php"
                ]
            },
            "notification-url": "https://packagist.org/downloads/",
            "license": [
                "MIT"
            ],
            "authors": [
                {
                    "name": "Yahnis Elsts",
                    "email": "whiteshadow@w-shadow.com",
                    "homepage": "https://w-shadow.com/",
                    "role": "Developer"
                }
            ],
            "description": "A custom update checker for WordPress plugins and themes. Useful if you can't host your plugin in the official WP repository but still want it to support automatic updates.",
            "homepage": "https://github.com/YahnisElsts/plugin-update-checker/",
            "keywords": [
                "automatic updates",
                "plugin updates",
                "theme updates",
                "wordpress"
            ],
            "support": {
                "issues": "https://github.com/YahnisElsts/plugin-update-checker/issues",
                "source": "https://github.com/YahnisElsts/plugin-update-checker/tree/master"
            },
            "time": "2023-11-15T16:49:00+00:00"
        }
    ],
    "packages-dev": [],
    "aliases": [],
    "minimum-stability": "dev",
    "stability-flags": {
        "acrosswp/acrosswp-buddypress-or-buddyboss-dependency": 20,
        "acrosswp/acrosswp-plugin-update-checker-github": 20,
        "wpify/custom-fields": 20
    },
    "prefer-stable": false,
    "prefer-lowest": false,
    "platform": [],
    "platform-dev": [],
    "plugin-api-version": "2.3.0"
}
